
Microsoft Visual Studio Solution File, Format Version 12.00
# Visual Studio Version 16
VisualStudioVersion = 25.0.1704.2
MinimumVisualStudioVersion = 10.0.40219.1
Project("{FAE04EC0-301F-11D3-BF4B-00C04F79EFBC}") = "CompanyManagement2", "CompanyManagement2\CompanyManagement2.csproj", "{B511774A-2384-41EC-8AF5-891D348EE86A}"
EndProject
Global
	GlobalSection(SolutionConfigurationPlatforms) = preSolution
		Debug|Any CPU = Debug|Any CPU
		Release|Any CPU = Release|Any CPU
	EndGlobalSection
	GlobalSection(ProjectConfigurationPlatforms) = postSolution
		{B511774A-2384-41EC-8AF5-891D348EE86A}.Debug|Any CPU.ActiveCfg = Debug|Any CPU
		{B511774A-2384-41EC-8AF5-891D348EE86A}.Debug|Any CPU.Build.0 = Debug|Any CPU
		{B511774A-2384-41EC-8AF5-891D348EE86A}.Release|Any CPU.ActiveCfg = Release|Any CPU
		{B511774A-2384-41EC-8AF5-891D348EE86A}.Release|Any CPU.Build.0 = Release|Any CPU
	EndGlobalSection
	GlobalSection(SolutionProperties) = preSolution
		HideSolutionNode = FALSE
	EndGlobalSection
	GlobalSection(ExtensibilityGlobals) = postSolution
		SolutionGuid = {1D26D30A-8A29-40BD-ADAE-B2977E3BB0EE}
	EndGlobalSection
EndGlobal
